
Microsoft Visual Studio Solution File, Format Version 12.00
# Visual Studio Version 16
VisualStudioVersion = 16.0.31019.35
MinimumVisualStudioVersion = 10.0.40219.1
Project("{9A19103F-16F7-4668-BE54-9A1E7A4F7556}") = "ExportReportToPDF", "ExportReportToPDF.csproj", "{212FBB7A-E683-40CF-AEFF-4D7F3E3F8BB7}"
EndProject
Global
	GlobalSection(SolutionConfigurationPlatforms) = preSolution
		Debug|Any CPU = Debug|Any CPU
		Release|Any CPU = Release|Any CPU
	EndGlobalSection
	GlobalSection(ProjectConfigurationPlatforms) = postSolution
		{212FBB7A-E683-40CF-AEFF-4D7F3E3F8BB7}.Debug|Any CPU.ActiveCfg = Debug|Any CPU
		{212FBB7A-E683-40CF-AEFF-4D7F3E3F8BB7}.Debug|Any CPU.Build.0 = Debug|Any CPU
		{212FBB7A-E683-40CF-AEFF-4D7F3E3F8BB7}.Release|Any CPU.ActiveCfg = Release|Any CPU
		{212FBB7A-E683-40CF-AEFF-4D7F3E3F8BB7}.Release|Any CPU.Build.0 = Release|Any CPU
	EndGlobalSection
	GlobalSection(SolutionProperties) = preSolution
		HideSolutionNode = FALSE
	EndGlobalSection
	GlobalSection(ExtensibilityGlobals) = postSolution
		SolutionGuid = {27E25E2C-5848-4739-A015-2F993BC5D70A}
	EndGlobalSection
EndGlobal
